
Microsoft Visual Studio Solution File, Format Version 12.00
# Visual Studio Version 17
VisualStudioVersion = 17.11.35327.3
MinimumVisualStudioVersion = 10.0.40219.1
Project("{9A19103F-16F7-4668-BE54-9A1E7A4F7556}") = "Triangle", "Triangle.csproj", "{2E0F771E-6C99-4643-AE80-12B35A15E89D}"
EndProject
Project("{9A19103F-16F7-4668-BE54-9A1E7A4F7556}") = "TriangleTester", "..\TriangleTester\TriangleTester.csproj", "{D6FF91C0-A314-4395-A865-DA2781A0D181}"
EndProject
Global
	GlobalSection(SolutionConfigurationPlatforms) = preSolution
		Debug|Any CPU = Debug|Any CPU
		Release|Any CPU = Release|Any CPU
	EndGlobalSection
	GlobalSection(ProjectConfigurationPlatforms) = postSolution
		{2E0F771E-6C99-4643-AE80-12B35A15E89D}.Debug|Any CPU.ActiveCfg = Debug|Any CPU
		{2E0F771E-6C99-4643-AE80-12B35A15E89D}.Debug|Any CPU.Build.0 = Debug|Any CPU
		{2E0F771E-6C99-4643-AE80-12B35A15E89D}.Release|Any CPU.ActiveCfg = Release|Any CPU
		{2E0F771E-6C99-4643-AE80-12B35A15E89D}.Release|Any CPU.Build.0 = Release|Any CPU
		{D6FF91C0-A314-4395-A865-DA2781A0D181}.Debug|Any CPU.ActiveCfg = Debug|Any CPU
		{D6FF91C0-A314-4395-A865-DA2781A0D181}.Debug|Any CPU.Build.0 = Debug|Any CPU
		{D6FF91C0-A314-4395-A865-DA2781A0D181}.Release|Any CPU.ActiveCfg = Release|Any CPU
		{D6FF91C0-A314-4395-A865-DA2781A0D181}.Release|Any CPU.Build.0 = Release|Any CPU
	EndGlobalSection
	GlobalSection(SolutionProperties) = preSolution
		HideSolutionNode = FALSE
	EndGlobalSection
	GlobalSection(ExtensibilityGlobals) = postSolution
		SolutionGuid = {6457A599-5C5A-4D63-B2FD-D7EEEAAACFA8}
	EndGlobalSection
EndGlobal
